
Microsoft Visual Studio Solution File, Format Version 12.00
# Visual Studio Version 17
VisualStudioVersion = 17.4.33103.184
MinimumVisualStudioVersion = 10.0.40219.1
Project("{FAE04EC0-301F-11D3-BF4B-00C04F79EFBC}") = "MyFirstProjectAzureDevOps", "MyFirstProjectAzureDevOps\MyFirstProjectAzureDevOps.csproj", "{B98C14AF-B55D-41EB-BD7C-9B99D6033104}"
EndProject
Global
	GlobalSection(SolutionConfigurationPlatforms) = preSolution
		Debug|Any CPU = Debug|Any CPU
		Release|Any CPU = Release|Any CPU
	EndGlobalSection
	GlobalSection(ProjectConfigurationPlatforms) = postSolution
		{B98C14AF-B55D-41EB-BD7C-9B99D6033104}.Debug|Any CPU.ActiveCfg = Debug|Any CPU
		{B98C14AF-B55D-41EB-BD7C-9B99D6033104}.Debug|Any CPU.Build.0 = Debug|Any CPU
		{B98C14AF-B55D-41EB-BD7C-9B99D6033104}.Release|Any CPU.ActiveCfg = Release|Any CPU
		{B98C14AF-B55D-41EB-BD7C-9B99D6033104}.Release|Any CPU.Build.0 = Release|Any CPU
	EndGlobalSection
	GlobalSection(SolutionProperties) = preSolution
		HideSolutionNode = FALSE
	EndGlobalSection
	GlobalSection(ExtensibilityGlobals) = postSolution
		SolutionGuid = {9645788D-C239-41F3-8BF2-06BCEE0F90F7}
	EndGlobalSection
EndGlobal
